// !$*UTF8*$!
{
	archiveVersion = 1;
	classes = {
	};
	objectVersion = 46;
	objects = {

/* Begin PBXBuildFile section */
		49D3F1A219AAE32000AACCF5 /* AppDelegate.swift in Sources */ = {isa = PBXBuildFile; fileRef = 49D3F1A119AAE32000AACCF5 /* AppDelegate.swift */; };
		49D3F1A419AAE32000AACCF5 /* ViewController.swift in Sources */ = {isa = PBXBuildFile; fileRef = 49D3F1A319AAE32000AACCF5 /* ViewController.swift */; };
		49D3F1A719AAE32000AACCF5 /* Main.storyboard in Resources */ = {isa = PBXBuildFile; fileRef = 49D3F1A519AAE32000AACCF5 /* Main.storyboard */; };
		49D3F1A919AAE32000AACCF5 /* Images.xcassets in Resources */ = {isa = PBXBuildFile; fileRef = 49D3F1A819AAE32000AACCF5 /* Images.xcassets */; };
		49D3F1B519AAE32000AACCF5 /* TippingPotTests.swift in Sources */ = {isa = PBXBuildFile; fileRef = 49D3F1B419AAE32000AACCF5 /* TippingPotTests.swift */; };
		49D3F1BF19AAF13C00AACCF5 /* SettingsViewController.swift in Sources */ = {isa = PBXBuildFile; fileRef = 49D3F1BE19AAF13C00AACCF5 /* SettingsViewController.swift */; };
/* End PBXBuildFile section */

/* Begin PBXContainerItemProxy section */
		49D3F1AF19AAE32000AACCF5 /* PBXContainerItemProxy */ = {
			isa = PBXContainerItemProxy;
			containerPortal = 49D3F19419AAE32000AACCF5 /* Project object */;
			proxyType = 1;
			remoteGlobalIDString = 49D3F19B19AAE32000AACCF5;
			remoteInfo = TippingPot;
		};
/* End PBXContainerItemProxy section */

/* Begin PBXFileReference section */
		49D3F19C19AAE32000AACCF5 /* TippingPot.app */ = {isa = PBXFileReference; explicitFileType = wrapper.application; includeInIndex = 0; path = TippingPot.app; sourceTree = BUILT_PRODUCTS_DIR; };
		49D3F1A019AAE32000AACCF5 /* Info.plist */ = {isa = PBXFileReference; lastKnownFileType = text.plist.xml; path = Info.plist; sourceTree = "<group>"; };
		49D3F1A119AAE32000AACCF5 /* AppDelegate.swift */ = {isa = PBXFileReference; lastKnownFileType = sourcecode.swift; path = AppDelegate.swift; sourceTree = "<group>"; };
		49D3F1A319AAE32000AACCF5 /* ViewController.swift */ = {isa = PBXFileReference; lastKnownFileType = sourcecode.swift; path = ViewController.swift; sourceTree = "<group>"; };
		49D3F1A619AAE32000AACCF5 /* Base */ = {isa = PBXFileReference; lastKnownFileType = file.storyboard; name = Base; path = Base.lproj/Main.storyboard; sourceTree = "<group>"; };
		49D3F1A819AAE32000AACCF5 /* Images.xcassets */ = {isa = PBXFileReference; lastKnownFileType = folder.assetcatalog; path = Images.xcassets; sourceTree = "<group>"; };
		49D3F1AE19AAE32000AACCF5 /* TippingPotTests.xctest */ = {isa = PBXFileReference; explicitFileType = wrapper.cfbundle; includeInIndex = 0; path = TippingPotTests.xctest; sourceTree = BUILT_PRODUCTS_DIR; };
		49D3F1B319AAE32000AACCF5 /* Info.plist */ = {isa = PBXFileReference; lastKnownFileType = text.plist.xml; path = Info.plist; sourceTree = "<group>"; };
		49D3F1B419AAE32000AACCF5 /* TippingPotTests.swift */ = {isa = PBXFileReference; lastKnownFileType = sourcecode.swift; path = TippingPotTests.swift; sourceTree = "<group>"; };
		49D3F1BE19AAF13C00AACCF5 /* SettingsViewController.swift */ = {isa = PBXFileReference; fileEncoding = 4; lastKnownFileType = sourcecode.swift; path = SettingsViewController.swift; sourceTree = "<group>"; };
/* End PBXFileReference section */

/* Begin PBXFrameworksBuildPhase section */
		49D3F19919AAE32000AACCF5 /* Frameworks */ = {
			isa = PBXFrameworksBuildPhase;
			buildActionMask = 2147483647;
			files = (
			);
			runOnlyForDeploymentPostprocessing = 0;
		};
		49D3F1AB19AAE32000AACCF5 /* Frameworks */ = {
			isa = PBXFrameworksBuildPhase;
			buildActionMask = 2147483647;
			files = (
			);
			runOnlyForDeploymentPostprocessing = 0;
		};
/* End PBXFrameworksBuildPhase section */

/* Begin PBXGroup section */
		49D3F19319AAE32000AACCF5 = {
			isa = PBXGroup;
			children = (
				49D3F19E19AAE32000AACCF5 /* TippingPot */,
				49D3F1B119AAE32000AACCF5 /* TippingPotTests */,
				49D3F19D19AAE32000AACCF5 /* Products */,
			);
			sourceTree = "<group>";
		};
		49D3F19D19AAE32000AACCF5 /* Products */ = {
			isa = PBXGroup;
			children = (
				49D3F19C19AAE32000AACCF5 /* TippingPot.app */,
				49D3F1AE19AAE32000AACCF5 /* TippingPotTests.xctest */,
			);
			name = Products;
			sourceTree = "<group>";
		};
		49D3F19E19AAE32000AACCF5 /* TippingPot */ = {
			isa = PBXGroup;
			children = (
				49D3F1C019AAF18800AACCF5 /* View Controllers */,
				49D3F1A119AAE32000AACCF5 /* AppDelegate.swift */,
				49D3F1A319AAE32000AACCF5 /* ViewController.swift */,
				49D3F1A519AAE32000AACCF5 /* Main.storyboard */,
				49D3F1A819AAE32000AACCF5 /* Images.xcassets */,
				49D3F19F19AAE32000AACCF5 /* Supporting Files */,
			);
			path = TippingPot;
			sourceTree = "<group>";
		};
		49D3F19F19AAE32000AACCF5 /* Supporting Files */ = {
			isa = PBXGroup;
			children = (
				49D3F1A019AAE32000AACCF5 /* Info.plist */,
			);
			name = "Supporting Files";
			sourceTree = "<group>";
		};
		49D3F1B119AAE32000AACCF5 /* TippingPotTests */ = {
			isa = PBXGroup;
			children = (
				49D3F1B419AAE32000AACCF5 /* TippingPotTests.swift */,
				49D3F1B219AAE32000AACCF5 /* Supporting Files */,
			);
			path = TippingPotTests;
			sourceTree = "<group>";
		};
		49D3F1B219AAE32000AACCF5 /* Supporting Files */ = {
			isa = PBXGroup;
			children = (
				49D3F1B319AAE32000AACCF5 /* Info.plist */,
			);
			name = "Supporting Files";
			sourceTree = "<group>";
		};
		49D3F1C019AAF18800AACCF5 /* View Controllers */ = {
			isa = PBXGroup;
			children = (
				49D3F1BE19AAF13C00AACCF5 /* SettingsViewController.swift */,
			);
			name = "View Controllers";
			sourceTree = "<group>";
		};
/* End PBXGroup section */

/* Begin PBXNativeTarget section */
		49D3F19B19AAE32000AACCF5 /* TippingPot */ = {
			isa = PBXNativeTarget;
			buildConfigurationList = 49D3F1B819AAE32000AACCF5 /* Build configuration list for PBXNativeTarget "TippingPot" */;
			buildPhases = (
				49D3F19819AAE32000AACCF5 /* Sources */,
				49D3F19919AAE32000AACCF5 /* Frameworks */,
				49D3F19A19AAE32000AACCF5 /* Resources */,
			);
			buildRules = (
			);
			dependencies = (
			);
			name = TippingPot;
			productName = TippingPot;
			productReference = 49D3F19C19AAE32000AACCF5 /* TippingPot.app */;
			productType = "com.apple.product-type.application";
		};
		49D3F1AD19AAE32000AACCF5 /* TippingPotTests */ = {
			isa = PBXNativeTarget;
			buildConfigurationList = 49D3F1BB19AAE32000AACCF5 /* Build configuration list for PBXNativeTarget "TippingPotTests" */;
			buildPhases = (
				49D3F1AA19AAE32000AACCF5 /* Sources */,
				49D3F1AB19AAE32000AACCF5 /* Frameworks */,
				49D3F1AC19AAE32000AACCF5 /* Resources */,
			);
			buildRules = (
			);
			dependencies = (
				49D3F1B019AAE32000AACCF5 /* PBXTargetDependency */,
			);
			name = TippingPotTests;
			productName = TippingPotTests;
			productReference = 49D3F1AE19AAE32000AACCF5 /* TippingPotTests.xctest */;
			productType = "com.apple.product-type.bundle.unit-test";
		};
/* End PBXNativeTarget section */

/* Begin PBXProject section */
		49D3F19419AAE32000AACCF5 /* Project object */ = {
			isa = PBXProject;
			attributes = {
				LastUpgradeCheck = 0600;
				ORGANIZATIONNAME = "Andrew Chao";
				TargetAttributes = {
					49D3F19B19AAE32000AACCF5 = {
						CreatedOnToolsVersion = 6.0;
					};
					49D3F1AD19AAE32000AACCF5 = {
						CreatedOnToolsVersion = 6.0;
						TestTargetID = 49D3F19B19AAE32000AACCF5;
					};
				};
			};
			buildConfigurationList = 49D3F19719AAE32000AACCF5 /* Build configuration list for PBXProject "TippingPot" */;
			compatibilityVersion = "Xcode 3.2";
			developmentRegion = English;
			hasScannedForEncodings = 0;
			knownRegions = (
				en,
				Base,
			);
			mainGroup = 49D3F19319AAE32000AACCF5;
			productRefGroup = 49D3F19D19AAE32000AACCF5 /* Products */;
			projectDirPath = "";
			projectRoot = "";
			targets = (
				49D3F19B19AAE32000AACCF5 /* TippingPot */,
				49D3F1AD19AAE32000AACCF5 /* TippingPotTests */,
			);
		};
/* End PBXProject section */

/* Begin PBXResourcesBuildPhase section */
		49D3F19A19AAE32000AACCF5 /* Resources */ = {
			isa = PBXResourcesBuildPhase;
			buildActionMask = 2147483647;
			files = (
				49D3F1A719AAE32000AACCF5 /* Main.storyboard in Resources */,
				49D3F1A919AAE32000AACCF5 /* Images.xcassets in Resources */,
			);
			runOnlyForDeploymentPostprocessing = 0;
		};
		49D3F1AC19AAE32000AACCF5 /* Resources */ = {
			isa = PBXResourcesBuildPhase;
			buildActionMask = 2147483647;
			files = (
			);
			runOnlyForDeploymentPostprocessing = 0;
		};
/* End PBXResourcesBuildPhase section */

/* Begin PBXSourcesBuildPhase section */
		49D3F19819AAE32000AACCF5 /* Sources */ = {
			isa = PBXSourcesBuildPhase;
			buildActionMask = 2147483647;
			files = (
				49D3F1A419AAE32000AACCF5 /* ViewController.swift in Sources */,
				49D3F1A219AAE32000AACCF5 /* AppDelegate.swift in Sources */,
				49D3F1BF19AAF13C00AACCF5 /* SettingsViewController.swift in Sources */,
			);
			runOnlyForDeploymentPostprocessing = 0;
		};
		49D3F1AA19AAE32000AACCF5 /* Sources */ = {
			isa = PBXSourcesBuildPhase;
			buildActionMask = 2147483647;
			files = (
				49D3F1B519AAE32000AACCF5 /* TippingPotTests.swift in Sources */,
			);
			runOnlyForDeploymentPostprocessing = 0;
		};
/* End PBXSourcesBuildPhase section */

/* Begin PBXTargetDependency section */
		49D3F1B019AAE32000AACCF5 /* PBXTargetDependency */ = {
			isa = PBXTargetDependency;
			target = 49D3F19B19AAE32000AACCF5 /* TippingPot */;
			targetProxy = 49D3F1AF19AAE32000AACCF5 /* PBXContainerItemProxy */;
		};
/* End PBXTargetDependency section */

/* Begin PBXVariantGroup section */
		49D3F1A519AAE32000AACCF5 /* Main.storyboard */ = {
			isa = PBXVariantGroup;
			children = (
				49D3F1A619AAE32000AACCF5 /* Base */,
			);
			name = Main.storyboard;
			sourceTree = "<group>";
		};
/* End PBXVariantGroup section */

/* Begin XCBuildConfiguration section */
		49D3F1B619AAE32000AACCF5 /* Debug */ = {
			isa = XCBuildConfiguration;
			buildSettings = {
				ALWAYS_SEARCH_USER_PATHS = NO;
				CLANG_CXX_LANGUAGE_STANDARD = "gnu++0x";
				CLANG_CXX_LIBRARY = "libc++";
				CLANG_ENABLE_MODULES = YES;
				CLANG_ENABLE_OBJC_ARC = YES;
				CLANG_WARN_BOOL_CONVERSION = YES;
				CLANG_WARN_CONSTANT_CONVERSION = YES;
				CLANG_WARN_DIRECT_OBJC_ISA_USAGE = YES_ERROR;
				CLANG_WARN_EMPTY_BODY = YES;
				CLANG_WARN_ENUM_CONVERSION = YES;
				CLANG_WARN_INT_CONVERSION = YES;
				CLANG_WARN_OBJC_ROOT_CLASS = YES_ERROR;
				CLANG_WARN_UNREACHABLE_CODE = YES;
				CLANG_WARN__DUPLICATE_METHOD_MATCH = YES;
				"CODE_SIGN_IDENTITY[sdk=iphoneos*]" = "iPhone Developer";
				COPY_PHASE_STRIP = NO;
				ENABLE_STRICT_OBJC_MSGSEND = YES;
				GCC_C_LANGUAGE_STANDARD = gnu99;
				GCC_DYNAMIC_NO_PIC = NO;
				GCC_OPTIMIZATION_LEVEL = 0;
				GCC_PREPROCESSOR_DEFINITIONS = (
					"DEBUG=1",
					"$(inherited)",
				);
				GCC_SYMBOLS_PRIVATE_EXTERN = NO;
				GCC_WARN_64_TO_32_BIT_CONVERSION = YES;
				GCC_WARN_ABOUT_RETURN_TYPE = YES_ERROR;
				GCC_WARN_UNDECLARED_SELECTOR = YES;
				GCC_WARN_UNINITIALIZED_AUTOS = YES_AGGRESSIVE;
				GCC_WARN_UNUSED_FUNCTION = YES;
				GCC_WARN_UNUSED_VARIABLE = YES;
				IPHONEOS_DEPLOYMENT_TARGET = 8.0;
				MTL_ENABLE_DEBUG_INFO = YES;
				ONLY_ACTIVE_ARCH = YES;
				SDKROOT = iphoneos;
				SWIFT_OPTIMIZATION_LEVEL = "-Onone";
			};
			name = Debug;
		};
		49D3F1B719AAE32000AACCF5 /* Release */ = {
			isa = XCBuildConfiguration;
			buildSettings = {
				ALWAYS_SEARCH_USER_PATHS = NO;
				CLANG_CXX_LANGUAGE_STANDARD = "gnu++0x";
				CLANG_CXX_LIBRARY = "libc++";
				CLANG_ENABLE_MODULES = YES;
				CLANG_ENABLE_OBJC_ARC = YES;
				CLANG_WARN_BOOL_CONVERSION = YES;
				CLANG_WARN_CONSTANT_CONVERSION = YES;
				CLANG_WARN_DIRECT_OBJC_ISA_USAGE = YES_ERROR;
				CLANG_WARN_EMPTY_BODY = YES;
				CLANG_WARN_ENUM_CONVERSION = YES;
				CLANG_WARN_INT_CONVERSION = YES;
				CLANG_WARN_OBJC_ROOT_CLASS = YES_ERROR;
				CLANG_WARN_UNREACHABLE_CODE = YES;
				CLANG_WARN__DUPLICATE_METHOD_MATCH = YES;
				"CODE_SIGN_IDENTITY[sdk=iphoneos*]" = "iPhone Developer";
				COPY_PHASE_STRIP = YES;
				ENABLE_NS_ASSERTIONS = NO;
				ENABLE_STRICT_OBJC_MSGSEND = YES;
				GCC_C_LANGUAGE_STANDARD = gnu99;
				GCC_WARN_64_TO_32_BIT_CONVERSION = YES;
				GCC_WARN_ABOUT_RETURN_TYPE = YES_ERROR;
				GCC_WARN_UNDECLARED_SELECTOR = YES;
				GCC_WARN_UNINITIALIZED_AUTOS = YES_AGGRESSIVE;
				GCC_WARN_UNUSED_FUNCTION = YES;
				GCC_WARN_UNUSED_VARIABLE = YES;
				IPHONEOS_DEPLOYMENT_TARGET = 8.0;
				MTL_ENABLE_DEBUG_INFO = NO;
				SDKROOT = iphoneos;
				VALIDATE_PRODUCT = YES;
			};
			name = Release;
		};
		49D3F1B919AAE32000AACCF5 /* Debug */ = {
			isa = XCBuildConfiguration;
			buildSettings = {
				ASSETCATALOG_COMPILER_APPICON_NAME = AppIcon;
				ASSETCATALOG_COMPILER_LAUNCHIMAGE_NAME = LaunchImage;
				INFOPLIST_FILE = TippingPot/Info.plist;
				IPHONEOS_DEPLOYMENT_TARGET = 7.0;
				LD_RUNPATH_SEARCH_PATHS = "$(inherited) @executable_path/Frameworks";
				PRODUCT_NAME = "$(TARGET_NAME)";
			};
			name = Debug;
		};
		49D3F1BA19AAE32000AACCF5 /* Release */ = {
			isa = XCBuildConfiguration;
			buildSettings = {
				ASSETCATALOG_COMPILER_APPICON_NAME = AppIcon;
				ASSETCATALOG_COMPILER_LAUNCHIMAGE_NAME = LaunchImage;
				INFOPLIST_FILE = TippingPot/Info.plist;
				IPHONEOS_DEPLOYMENT_TARGET = 7.0;
				LD_RUNPATH_SEARCH_PATHS = "$(inherited) @executable_path/Frameworks";
				PRODUCT_NAME = "$(TARGET_NAME)";
			};
			name = Release;
		};
		49D3F1BC19AAE32000AACCF5 /* Debug */ = {
			isa = XCBuildConfiguration;
			buildSettings = {
				BUNDLE_LOADER = "$(TEST_HOST)";
				FRAMEWORK_SEARCH_PATHS = (
					"$(SDKROOT)/Developer/Library/Frameworks",
					"$(inherited)",
				);
				GCC_PREPROCESSOR_DEFINITIONS = (
					"DEBUG=1",
					"$(inherited)",
				);
				INFOPLIST_FILE = TippingPotTests/Info.plist;
				LD_RUNPATH_SEARCH_PATHS = "$(inherited) @executable_path/Frameworks @loader_path/Frameworks";
				PRODUCT_NAME = "$(TARGET_NAME)";
				TEST_HOST = "$(BUILT_PRODUCTS_DIR)/TippingPot.app/TippingPot";
			};
			name = Debug;
		};
		49D3F1BD19AAE32000AACCF5 /* Release */ = {
			isa = XCBuildConfiguration;
			buildSettings = {
				BUNDLE_LOADER = "$(TEST_HOST)";
				FRAMEWORK_SEARCH_PATHS = (
					"$(SDKROOT)/Developer/Library/Frameworks",
					"$(inherited)",
				);
				INFOPLIST_FILE = TippingPotTests/Info.plist;
				LD_RUNPATH_SEARCH_PATHS = "$(inherited) @executable_path/Frameworks @loader_path/Frameworks";
				PRODUCT_NAME = "$(TARGET_NAME)";
				TEST_HOST = "$(BUILT_PRODUCTS_DIR)/TippingPot.app/TippingPot";
			};
			name = Release;
		};
/* End XCBuildConfiguration section */

/* Begin XCConfigurationList section */
		49D3F19719AAE32000AACCF5 /* Build configuration list for PBXProject "TippingPot" */ = {
			isa = XCConfigurationList;
			buildConfigurations = (
				49D3F1B619AAE32000AACCF5 /* Debug */,
				49D3F1B719AAE32000AACCF5 /* Release */,
			);
			defaultConfigurationIsVisible = 0;
			defaultConfigurationName = Release;
		};
		49D3F1B819AAE32000AACCF5 /* Build configuration list for PBXNativeTarget "TippingPot" */ = {
			isa = XCConfigurationList;
			buildConfigurations = (
				49D3F1B919AAE32000AACCF5 /* Debug */,
				49D3F1BA19AAE32000AACCF5 /* Release */,
			);
			defaultConfigurationIsVisible = 0;
		};
		49D3F1BB19AAE32000AACCF5 /* Build configuration list for PBXNativeTarget "TippingPotTests" */ = {
			isa = XCConfigurationList;
			buildConfigurations = (
				49D3F1BC19AAE32000AACCF5 /* Debug */,
				49D3F1BD19AAE32000AACCF5 /* Release */,
			);
			defaultConfigurationIsVisible = 0;
		};
/* End XCConfigurationList section */
	};
	rootObject = 49D3F19419AAE32000AACCF5 /* Project object */;
}
